
Microsoft Visual Studio Solution File, Format Version 12.00
# Visual Studio Version 17
VisualStudioVersion = 17.14.36511.14
MinimumVisualStudioVersion = 10.0.40219.1
Project("{FAE04EC0-301F-11D3-BF4B-00C04F79EFBC}") = "MigrationAssignment", "Migration\MigrationAssignment.csproj", "{7253171F-6140-4603-A146-C96A3670C0AF}"
EndProject
Global
	GlobalSection(SolutionConfigurationPlatforms) = preSolution
		Debug|Any CPU = Debug|Any CPU
		Release|Any CPU = Release|Any CPU
	EndGlobalSection
	GlobalSection(ProjectConfigurationPlatforms) = postSolution
		{7253171F-6140-4603-A146-C96A3670C0AF}.Debug|Any CPU.ActiveCfg = Debug|Any CPU
		{7253171F-6140-4603-A146-C96A3670C0AF}.Debug|Any CPU.Build.0 = Debug|Any CPU
		{7253171F-6140-4603-A146-C96A3670C0AF}.Release|Any CPU.ActiveCfg = Release|Any CPU
		{7253171F-6140-4603-A146-C96A3670C0AF}.Release|Any CPU.Build.0 = Release|Any CPU
	EndGlobalSection
	GlobalSection(SolutionProperties) = preSolution
		HideSolutionNode = FALSE
	EndGlobalSection
	GlobalSection(ExtensibilityGlobals) = postSolution
		SolutionGuid = {7F04410E-A5BB-4BE1-8915-B71870BE134C}
	EndGlobalSection
EndGlobal
